Microsoft Visual Studio Solution File, Format Version 12.00
# Visual Studio Version 17
VisualStudioVersion = 17.0.31903.59
MinimumVisualStudioVersion = 10.0.40219.1
Project("{FAE04EC0-301F-11D3-BF4B-00C04F79EFBC}") = "Teikei.Tests", "Teikei.Tests\Teikei.Tests.csproj", "{5E8FEDD5-A17C-4B68-AF9F-3C9E4A59616E}"
EndProject
Project("{FAE04EC0-301F-11D3-BF4B-00C04F79EFBC}") = "Teikei.Interfaced", "Teikei.Interfaced\Teikei.Interfaced.csproj", "{E20326CF-388B-45BE-939D-7FAE18698CC0}"
EndProject
Project("{FAE04EC0-301F-11D3-BF4B-00C04F79EFBC}") = "Teikei.Interfaced.Attributes", "Teikei.Interfaced.Attributes\Teikei.Interfaced.Attributes.csproj", "{51FFB277-EB30-4A87-A43F-3D2CE1193355}"
EndProject
Project("{D954291E-2A0B-460D-934E-DC6B0785DB48}") = "Teikei.Shared", "Teikei.Shared\Teikei.Shared.shproj", "{F1A93C02-D929-4256-B04C-4F3BC8914A96}"
EndProject
Project("{FAE04EC0-301F-11D3-BF4B-00C04F79EFBC}") = "Teikei.GenerateSystemUnderTest", "Teikei.GenerateSystemUnderTest\Teikei.GenerateSystemUnderTest.csproj", "{A3699DC2-51F2-459F-B500-99A7C825C032}"
EndProject
Global
	GlobalSection(SolutionConfigurationPlatforms) = preSolution
		Debug|Any CPU = Debug|Any CPU
		Release|Any CPU = Release|Any CPU
	EndGlobalSection
	GlobalSection(SolutionProperties) = preSolution
		HideSolutionNode = FALSE
	EndGlobalSection
	GlobalSection(ProjectConfigurationPlatforms) = postSolution
		{5E8FEDD5-A17C-4B68-AF9F-3C9E4A59616E}.Debug|Any CPU.ActiveCfg = Debug|Any CPU
		{5E8FEDD5-A17C-4B68-AF9F-3C9E4A59616E}.Debug|Any CPU.Build.0 = Debug|Any CPU
		{5E8FEDD5-A17C-4B68-AF9F-3C9E4A59616E}.Release|Any CPU.ActiveCfg = Release|Any CPU
		{5E8FEDD5-A17C-4B68-AF9F-3C9E4A59616E}.Release|Any CPU.Build.0 = Release|Any CPU
		{E20326CF-388B-45BE-939D-7FAE18698CC0}.Debug|Any CPU.ActiveCfg = Debug|Any CPU
		{E20326CF-388B-45BE-939D-7FAE18698CC0}.Debug|Any CPU.Build.0 = Debug|Any CPU
		{E20326CF-388B-45BE-939D-7FAE18698CC0}.Release|Any CPU.ActiveCfg = Release|Any CPU
		{E20326CF-388B-45BE-939D-7FAE18698CC0}.Release|Any CPU.Build.0 = Release|Any CPU
		{51FFB277-EB30-4A87-A43F-3D2CE1193355}.Debug|Any CPU.ActiveCfg = Debug|Any CPU
		{51FFB277-EB30-4A87-A43F-3D2CE1193355}.Debug|Any CPU.Build.0 = Debug|Any CPU
		{51FFB277-EB30-4A87-A43F-3D2CE1193355}.Release|Any CPU.ActiveCfg = Release|Any CPU
		{51FFB277-EB30-4A87-A43F-3D2CE1193355}.Release|Any CPU.Build.0 = Release|Any CPU
		{A3699DC2-51F2-459F-B500-99A7C825C032}.Debug|Any CPU.ActiveCfg = Debug|Any CPU
		{A3699DC2-51F2-459F-B500-99A7C825C032}.Debug|Any CPU.Build.0 = Debug|Any CPU
		{A3699DC2-51F2-459F-B500-99A7C825C032}.Release|Any CPU.ActiveCfg = Release|Any CPU
		{A3699DC2-51F2-459F-B500-99A7C825C032}.Release|Any CPU.Build.0 = Release|Any CPU
	EndGlobalSection
EndGlobal
